
Microsoft Visual Studio Solution File, Format Version 12.00
# Visual Studio Version 16
VisualStudioVersion = 16.0.28917.182
MinimumVisualStudioVersion = 10.0.40219.1
Project("{FAE04EC0-301F-11D3-BF4B-00C04F79EFBC}") = "XF4.Template.Android", "XF4.Template\XF4.Template.Android\XF4.Template.Android.csproj", "{AFF936D6-7F26-4BB1-8EE7-F689435E9DAB}"
EndProject
Project("{FAE04EC0-301F-11D3-BF4B-00C04F79EFBC}") = "XF4.Template.iOS", "XF4.Template\XF4.Template.iOS\XF4.Template.iOS.csproj", "{995C8637-C762-4639-AFB6-6A58B240CFA0}"
EndProject
Project("{9A19103F-16F7-4668-BE54-9A1E7A4F7556}") = "XF4.Template", "XF4.Template\XF4.Template\XF4.Template.csproj", "{23854464-BF9D-45E7-94B4-DD91B7F1190F}"
EndProject
Project("{2150E333-8FDC-42A3-9474-1A3956D46DE8}") = "Platforms", "Platforms", "{8451CD52-F375-4682-ACAF-0F18E8D3E497}"
EndProject
Project("{2150E333-8FDC-42A3-9474-1A3956D46DE8}") = "Tests", "Tests", "{666048F6-B29E-44B7-9794-0EE097B91B49}"
EndProject
Project("{9A19103F-16F7-4668-BE54-9A1E7A4F7556}") = "XF4.Template.UnitTests", "XF4.Template.UnitTests\XF4.Template.UnitTests.csproj", "{3891C462-B207-46CB-98FB-B0E40172DA95}"
EndProject
Project("{2150E333-8FDC-42A3-9474-1A3956D46DE8}") = "Shared", "Shared", "{49F19FE3-4207-4EA6-8B32-E807AF27D66C}"
EndProject
Project("{9A19103F-16F7-4668-BE54-9A1E7A4F7556}") = "XF4.Template.ViewModels", "XF4.Template.ViewModels\XF4.Template.ViewModels.csproj", "{D4F757BB-A2CC-4424-A2A4-69EF9A359E7A}"
EndProject
Project("{9A19103F-16F7-4668-BE54-9A1E7A4F7556}") = "XF4.Template.Services", "XF4.Template.Services\XF4.Template.Services.csproj", "{AC8A234E-1668-466C-8853-827CD8E72AA3}"
EndProject
Project("{2150E333-8FDC-42A3-9474-1A3956D46DE8}") = "Modules", "Modules", "{C1427AB5-4FF3-40D1-BE18-A58A1A6A767A}"
EndProject
Global
	GlobalSection(SolutionConfigurationPlatforms) = preSolution
		Debug|Any CPU = Debug|Any CPU
		Debug|iPhone = Debug|iPhone
		Debug|iPhoneSimulator = Debug|iPhoneSimulator
		Release|Any CPU = Release|Any CPU
		Release|iPhone = Release|iPhone
		Release|iPhoneSimulator = Release|iPhoneSimulator
	EndGlobalSection
	GlobalSection(ProjectConfigurationPlatforms) = postSolution
		{AFF936D6-7F26-4BB1-8EE7-F689435E9DAB}.Debug|Any CPU.ActiveCfg = Debug|Any CPU
		{AFF936D6-7F26-4BB1-8EE7-F689435E9DAB}.Debug|Any CPU.Build.0 = Debug|Any CPU
		{AFF936D6-7F26-4BB1-8EE7-F689435E9DAB}.Debug|Any CPU.Deploy.0 = Debug|Any CPU
		{AFF936D6-7F26-4BB1-8EE7-F689435E9DAB}.Debug|iPhone.ActiveCfg = Debug|Any CPU
		{AFF936D6-7F26-4BB1-8EE7-F689435E9DAB}.Debug|iPhone.Build.0 = Debug|Any CPU
		{AFF936D6-7F26-4BB1-8EE7-F689435E9DAB}.Debug|iPhone.Deploy.0 = Debug|Any CPU
		{AFF936D6-7F26-4BB1-8EE7-F689435E9DAB}.Debug|iPhoneSimulator.ActiveCfg = Debug|Any CPU
		{AFF936D6-7F26-4BB1-8EE7-F689435E9DAB}.Debug|iPhoneSimulator.Build.0 = Debug|Any CPU
		{AFF936D6-7F26-4BB1-8EE7-F689435E9DAB}.Debug|iPhoneSimulator.Deploy.0 = Debug|Any CPU
		{AFF936D6-7F26-4BB1-8EE7-F689435E9DAB}.Release|Any CPU.ActiveCfg = Release|Any CPU
		{AFF936D6-7F26-4BB1-8EE7-F689435E9DAB}.Release|Any CPU.Build.0 = Release|Any CPU
		{AFF936D6-7F26-4BB1-8EE7-F689435E9DAB}.Release|Any CPU.Deploy.0 = Release|Any CPU
		{AFF936D6-7F26-4BB1-8EE7-F689435E9DAB}.Release|iPhone.ActiveCfg = Release|Any CPU
		{AFF936D6-7F26-4BB1-8EE7-F689435E9DAB}.Release|iPhone.Build.0 = Release|Any CPU
		{AFF936D6-7F26-4BB1-8EE7-F689435E9DAB}.Release|iPhone.Deploy.0 = Release|Any CPU
		{AFF936D6-7F26-4BB1-8EE7-F689435E9DAB}.Release|iPhoneSimulator.ActiveCfg = Release|Any CPU
		{AFF936D6-7F26-4BB1-8EE7-F689435E9DAB}.Release|iPhoneSimulator.Build.0 = Release|Any CPU
		{AFF936D6-7F26-4BB1-8EE7-F689435E9DAB}.Release|iPhoneSimulator.Deploy.0 = Release|Any CPU
		{995C8637-C762-4639-AFB6-6A58B240CFA0}.Debug|Any CPU.ActiveCfg = Debug|iPhoneSimulator
		{995C8637-C762-4639-AFB6-6A58B240CFA0}.Debug|Any CPU.Build.0 = Debug|iPhoneSimulator
		{995C8637-C762-4639-AFB6-6A58B240CFA0}.Debug|Any CPU.Deploy.0 = Debug|iPhoneSimulator
		{995C8637-C762-4639-AFB6-6A58B240CFA0}.Debug|iPhone.ActiveCfg = Debug|iPhone
		{995C8637-C762-4639-AFB6-6A58B240CFA0}.Debug|iPhone.Build.0 = Debug|iPhone
		{995C8637-C762-4639-AFB6-6A58B240CFA0}.Debug|iPhone.Deploy.0 = Debug|iPhone
		{995C8637-C762-4639-AFB6-6A58B240CFA0}.Debug|iPhoneSimulator.ActiveCfg = Debug|iPhoneSimulator
		{995C8637-C762-4639-AFB6-6A58B240CFA0}.Debug|iPhoneSimulator.Build.0 = Debug|iPhoneSimulator
		{995C8637-C762-4639-AFB6-6A58B240CFA0}.Debug|iPhoneSimulator.Deploy.0 = Debug|iPhoneSimulator
		{995C8637-C762-4639-AFB6-6A58B240CFA0}.Release|Any CPU.ActiveCfg = Release|iPhone
		{995C8637-C762-4639-AFB6-6A58B240CFA0}.Release|Any CPU.Build.0 = Release|iPhone
		{995C8637-C762-4639-AFB6-6A58B240CFA0}.Release|Any CPU.Deploy.0 = Release|iPhone
		{995C8637-C762-4639-AFB6-6A58B240CFA0}.Release|iPhone.ActiveCfg = Release|iPhone
		{995C8637-C762-4639-AFB6-6A58B240CFA0}.Release|iPhone.Build.0 = Release|iPhone
		{995C8637-C762-4639-AFB6-6A58B240CFA0}.Release|iPhone.Deploy.0 = Release|iPhone
		{995C8637-C762-4639-AFB6-6A58B240CFA0}.Release|iPhoneSimulator.ActiveCfg = Release|iPhoneSimulator
		{995C8637-C762-4639-AFB6-6A58B240CFA0}.Release|iPhoneSimulator.Build.0 = Release|iPhoneSimulator
		{995C8637-C762-4639-AFB6-6A58B240CFA0}.Release|iPhoneSimulator.Deploy.0 = Release|iPhoneSimulator
		{23854464-BF9D-45E7-94B4-DD91B7F1190F}.Debug|Any CPU.ActiveCfg = Debug|Any CPU
		{23854464-BF9D-45E7-94B4-DD91B7F1190F}.Debug|Any CPU.Build.0 = Debug|Any CPU
		{23854464-BF9D-45E7-94B4-DD91B7F1190F}.Debug|Any CPU.Deploy.0 = Debug|Any CPU
		{23854464-BF9D-45E7-94B4-DD91B7F1190F}.Debug|iPhone.ActiveCfg = Debug|Any CPU
		{23854464-BF9D-45E7-94B4-DD91B7F1190F}.Debug|iPhone.Build.0 = Debug|Any CPU
		{23854464-BF9D-45E7-94B4-DD91B7F1190F}.Debug|iPhone.Deploy.0 = Debug|Any CPU
		{23854464-BF9D-45E7-94B4-DD91B7F1190F}.Debug|iPhoneSimulator.ActiveCfg = Debug|Any CPU
		{23854464-BF9D-45E7-94B4-DD91B7F1190F}.Debug|iPhoneSimulator.Build.0 = Debug|Any CPU
		{23854464-BF9D-45E7-94B4-DD91B7F1190F}.Debug|iPhoneSimulator.Deploy.0 = Debug|Any CPU
		{23854464-BF9D-45E7-94B4-DD91B7F1190F}.Release|Any CPU.ActiveCfg = Release|Any CPU
		{23854464-BF9D-45E7-94B4-DD91B7F1190F}.Release|Any CPU.Build.0 = Release|Any CPU
		{23854464-BF9D-45E7-94B4-DD91B7F1190F}.Release|Any CPU.Deploy.0 = Release|Any CPU
		{23854464-BF9D-45E7-94B4-DD91B7F1190F}.Release|iPhone.ActiveCfg = Release|Any CPU
		{23854464-BF9D-45E7-94B4-DD91B7F1190F}.Release|iPhone.Build.0 = Release|Any CPU
		{23854464-BF9D-45E7-94B4-DD91B7F1190F}.Release|iPhone.Deploy.0 = Release|Any CPU
		{23854464-BF9D-45E7-94B4-DD91B7F1190F}.Release|iPhoneSimulator.ActiveCfg = Release|Any CPU
		{23854464-BF9D-45E7-94B4-DD91B7F1190F}.Release|iPhoneSimulator.Build.0 = Release|Any CPU
		{23854464-BF9D-45E7-94B4-DD91B7F1190F}.Release|iPhoneSimulator.Deploy.0 = Release|Any CPU
		{3891C462-B207-46CB-98FB-B0E40172DA95}.Debug|Any CPU.ActiveCfg = Debug|Any CPU
		{3891C462-B207-46CB-98FB-B0E40172DA95}.Debug|Any CPU.Build.0 = Debug|Any CPU
		{3891C462-B207-46CB-98FB-B0E40172DA95}.Debug|iPhone.ActiveCfg = Debug|Any CPU
		{3891C462-B207-46CB-98FB-B0E40172DA95}.Debug|iPhone.Build.0 = Debug|Any CPU
		{3891C462-B207-46CB-98FB-B0E40172DA95}.Debug|iPhoneSimulator.ActiveCfg = Debug|Any CPU
		{3891C462-B207-46CB-98FB-B0E40172DA95}.Debug|iPhoneSimulator.Build.0 = Debug|Any CPU
		{3891C462-B207-46CB-98FB-B0E40172DA95}.Release|Any CPU.ActiveCfg = Release|Any CPU
		{3891C462-B207-46CB-98FB-B0E40172DA95}.Release|Any CPU.Build.0 = Release|Any CPU
		{3891C462-B207-46CB-98FB-B0E40172DA95}.Release|iPhone.ActiveCfg = Release|Any CPU
		{3891C462-B207-46CB-98FB-B0E40172DA95}.Release|iPhone.Build.0 = Release|Any CPU
		{3891C462-B207-46CB-98FB-B0E40172DA95}.Release|iPhoneSimulator.ActiveCfg = Release|Any CPU
		{3891C462-B207-46CB-98FB-B0E40172DA95}.Release|iPhoneSimulator.Build.0 = Release|Any CPU
		{D4F757BB-A2CC-4424-A2A4-69EF9A359E7A}.Debug|Any CPU.ActiveCfg = Debug|Any CPU
		{D4F757BB-A2CC-4424-A2A4-69EF9A359E7A}.Debug|Any CPU.Build.0 = Debug|Any CPU
		{D4F757BB-A2CC-4424-A2A4-69EF9A359E7A}.Debug|iPhone.ActiveCfg = Debug|Any CPU
		{D4F757BB-A2CC-4424-A2A4-69EF9A359E7A}.Debug|iPhone.Build.0 = Debug|Any CPU
		{D4F757BB-A2CC-4424-A2A4-69EF9A359E7A}.Debug|iPhoneSimulator.ActiveCfg = Debug|Any CPU
		{D4F757BB-A2CC-4424-A2A4-69EF9A359E7A}.Debug|iPhoneSimulator.Build.0 = Debug|Any CPU
		{D4F757BB-A2CC-4424-A2A4-69EF9A359E7A}.Release|Any CPU.ActiveCfg = Release|Any CPU
		{D4F757BB-A2CC-4424-A2A4-69EF9A359E7A}.Release|Any CPU.Build.0 = Release|Any CPU
		{D4F757BB-A2CC-4424-A2A4-69EF9A359E7A}.Release|iPhone.ActiveCfg = Release|Any CPU
		{D4F757BB-A2CC-4424-A2A4-69EF9A359E7A}.Release|iPhone.Build.0 = Release|Any CPU
		{D4F757BB-A2CC-4424-A2A4-69EF9A359E7A}.Release|iPhoneSimulator.ActiveCfg = Release|Any CPU
		{D4F757BB-A2CC-4424-A2A4-69EF9A359E7A}.Release|iPhoneSimulator.Build.0 = Release|Any CPU
		{AC8A234E-1668-466C-8853-827CD8E72AA3}.Debug|Any CPU.ActiveCfg = Debug|Any CPU
		{AC8A234E-1668-466C-8853-827CD8E72AA3}.Debug|Any CPU.Build.0 = Debug|Any CPU
		{AC8A234E-1668-466C-8853-827CD8E72AA3}.Debug|iPhone.ActiveCfg = Debug|Any CPU
		{AC8A234E-1668-466C-8853-827CD8E72AA3}.Debug|iPhone.Build.0 = Debug|Any CPU
		{AC8A234E-1668-466C-8853-827CD8E72AA3}.Debug|iPhoneSimulator.ActiveCfg = Debug|Any CPU
		{AC8A234E-1668-466C-8853-827CD8E72AA3}.Debug|iPhoneSimulator.Build.0 = Debug|Any CPU
		{AC8A234E-1668-466C-8853-827CD8E72AA3}.Release|Any CPU.ActiveCfg = Release|Any CPU
		{AC8A234E-1668-466C-8853-827CD8E72AA3}.Release|Any CPU.Build.0 = Release|Any CPU
		{AC8A234E-1668-466C-8853-827CD8E72AA3}.Release|iPhone.ActiveCfg = Release|Any CPU
		{AC8A234E-1668-466C-8853-827CD8E72AA3}.Release|iPhone.Build.0 = Release|Any CPU
		{AC8A234E-1668-466C-8853-827CD8E72AA3}.Release|iPhoneSimulator.ActiveCfg = Release|Any CPU
		{AC8A234E-1668-466C-8853-827CD8E72AA3}.Release|iPhoneSimulator.Build.0 = Release|Any CPU
	EndGlobalSection
	GlobalSection(SolutionProperties) = preSolution
		HideSolutionNode = FALSE
	EndGlobalSection
	GlobalSection(NestedProjects) = preSolution
		{AFF936D6-7F26-4BB1-8EE7-F689435E9DAB} = {8451CD52-F375-4682-ACAF-0F18E8D3E497}
		{995C8637-C762-4639-AFB6-6A58B240CFA0} = {8451CD52-F375-4682-ACAF-0F18E8D3E497}
		{3891C462-B207-46CB-98FB-B0E40172DA95} = {666048F6-B29E-44B7-9794-0EE097B91B49}
		{D4F757BB-A2CC-4424-A2A4-69EF9A359E7A} = {49F19FE3-4207-4EA6-8B32-E807AF27D66C}
		{AC8A234E-1668-466C-8853-827CD8E72AA3} = {49F19FE3-4207-4EA6-8B32-E807AF27D66C}
	EndGlobalSection
	GlobalSection(ExtensibilityGlobals) = postSolution
		SolutionGuid = {DE1AF176-9C00-4091-AB72-3DEF2A477326}
	EndGlobalSection
EndGlobal
